
Microsoft Visual Studio Solution File, Format Version 12.00
# Visual Studio 2012
Project("{FAE04EC0-301F-11D3-BF4B-00C04F79EFBC}") = "RecipeWeb", "RecipeWeb\RecipeWeb.csproj", "{F298B733-4F92-4D62-8B17-CB0A5D2F4F65}"
EndProject
Project("{FAE04EC0-301F-11D3-BF4B-00C04F79EFBC}") = "DIYFE.EF", "..\DIYFE\DIYFE\DIYFE\DIYFE.EF\DIYFE.EF.csproj", "{2B57B373-591C-4938-82BE-CBB69E596514}"
EndProject
Global
	GlobalSection(SolutionConfigurationPlatforms) = preSolution
		Debug|Any CPU = Debug|Any CPU
		Release|Any CPU = Release|Any CPU
	EndGlobalSection
	GlobalSection(ProjectConfigurationPlatforms) = postSolution
		{F298B733-4F92-4D62-8B17-CB0A5D2F4F65}.Debug|Any CPU.ActiveCfg = Debug|Any CPU
		{F298B733-4F92-4D62-8B17-CB0A5D2F4F65}.Debug|Any CPU.Build.0 = Debug|Any CPU
		{F298B733-4F92-4D62-8B17-CB0A5D2F4F65}.Release|Any CPU.ActiveCfg = Release|Any CPU
		{F298B733-4F92-4D62-8B17-CB0A5D2F4F65}.Release|Any CPU.Build.0 = Release|Any CPU
		{2B57B373-591C-4938-82BE-CBB69E596514}.Debug|Any CPU.ActiveCfg = Debug|Any CPU
		{2B57B373-591C-4938-82BE-CBB69E596514}.Debug|Any CPU.Build.0 = Debug|Any CPU
		{2B57B373-591C-4938-82BE-CBB69E596514}.Release|Any CPU.ActiveCfg = Release|Any CPU
		{2B57B373-591C-4938-82BE-CBB69E596514}.Release|Any CPU.Build.0 = Release|Any CPU
	EndGlobalSection
	GlobalSection(SolutionProperties) = preSolution
		HideSolutionNode = FALSE
	EndGlobalSection
EndGlobal
